
Microsoft Visual Studio Solution File, Format Version 12.00
# Visual Studio Version 16
VisualStudioVersion = 16.0.29409.12
MinimumVisualStudioVersion = 10.0.40219.1
Project("{9A19103F-16F7-4668-BE54-9A1E7A4F7556}") = "Bankingsystem", "Bankingsystem\Bankingsystem.csproj", "{21FB330A-6779-41A8-AB61-19C030A837BB}"
EndProject
Global
	GlobalSection(SolutionConfigurationPlatforms) = preSolution
		Debug|Any CPU = Debug|Any CPU
		Release|Any CPU = Release|Any CPU
	EndGlobalSection
	GlobalSection(ProjectConfigurationPlatforms) = postSolution
		{21FB330A-6779-41A8-AB61-19C030A837BB}.Debug|Any CPU.ActiveCfg = Debug|Any CPU
		{21FB330A-6779-41A8-AB61-19C030A837BB}.Debug|Any CPU.Build.0 = Debug|Any CPU
		{21FB330A-6779-41A8-AB61-19C030A837BB}.Release|Any CPU.ActiveCfg = Release|Any CPU
		{21FB330A-6779-41A8-AB61-19C030A837BB}.Release|Any CPU.Build.0 = Release|Any CPU
	EndGlobalSection
	GlobalSection(SolutionProperties) = preSolution
		HideSolutionNode = FALSE
	EndGlobalSection
	GlobalSection(ExtensibilityGlobals) = postSolution
		SolutionGuid = {B3B26C20-FF3E-4287-84EA-55A79325312B}
	EndGlobalSection
EndGlobal
